
Microsoft Visual Studio Solution File, Format Version 12.00
# Visual Studio Version 17
VisualStudioVersion = 17.1.32421.90
MinimumVisualStudioVersion = 10.0.40219.1
Project("{2150E333-8FDC-42A3-9474-1A3956D46DE8}") = "Domain", "Domain", "{A9E0EEA3-A2CF-4733-8C71-679437CBAF6F}"
EndProject
Project("{2150E333-8FDC-42A3-9474-1A3956D46DE8}") = "Test", "Test", "{7C0BFB3B-8DA7-4C40-AE5F-2DA77BD52D34}"
EndProject
Project("{9A19103F-16F7-4668-BE54-9A1E7A4F7556}") = "Bookstore.Domain.Subject", "Domain\Bookstore.Domain.Subject\Bookstore.Domain.Subject.csproj", "{5A79D0A7-6263-427A-BF0C-F7DCDC3A3FE6}"
EndProject
Project("{9A19103F-16F7-4668-BE54-9A1E7A4F7556}") = "Bookstore.Test.Domain.Subject", "Test\Bookstore.Test.Domain.Subject\Bookstore.Test.Domain.Subject.csproj", "{B614D6DA-74FA-4EC7-A448-E8265A35975C}"
EndProject
Project("{2150E333-8FDC-42A3-9474-1A3956D46DE8}") = "Message", "Message", "{712FAA29-9438-4727-AC9F-08F27D046712}"
EndProject
Project("{9A19103F-16F7-4668-BE54-9A1E7A4F7556}") = "Bookstore.Message.Subject", "Message\Bookstore.Message.Subject\Bookstore.Message.Subject.csproj", "{B5938847-7460-4641-B853-2E2B14BBF44A}"
EndProject
Project("{2150E333-8FDC-42A3-9474-1A3956D46DE8}") = "SharedKernel", "SharedKernel", "{A3B551EF-B4C2-4C30-B9D7-72CA79F05854}"
EndProject
Project("{9A19103F-16F7-4668-BE54-9A1E7A4F7556}") = "Bookstore.SharedKernel", "SharedKernel\Bookstore.SharedKernel\Bookstore.SharedKernel.csproj", "{3DAC74FB-C036-44F9-B8EE-28165FE5F6A7}"
EndProject
Project("{2150E333-8FDC-42A3-9474-1A3956D46DE8}") = "Framework", "Framework", "{AA6669EC-942F-4776-AA57-EAFA6F08FD5A}"
EndProject
Project("{9A19103F-16F7-4668-BE54-9A1E7A4F7556}") = "Bookstore.EventSourcing", "Framework\Bookstore.EventSourcing\Bookstore.EventSourcing.csproj", "{8A0BDE6E-6A1E-411C-A3C2-FD8D4D5C980B}"
EndProject
Project("{9A19103F-16F7-4668-BE54-9A1E7A4F7556}") = "Bookstore.EventStore", "Framework\Bookstore.EventStore\Bookstore.EventStore.csproj", "{B074F8D4-3562-4C5A-946A-C6AB0764BB04}"
EndProject
Project("{9A19103F-16F7-4668-BE54-9A1E7A4F7556}") = "Bookstore.Services", "Framework\Bookstore.Services\Bookstore.Services.csproj", "{ABCF0A66-1F6A-46E5-80B0-90B1F61025CF}"
EndProject
Project("{9A19103F-16F7-4668-BE54-9A1E7A4F7556}") = "Bookstore.WebApi", "Framework\Bookstore.WebApi\Bookstore.WebApi.csproj", "{7A33D6B7-7FDD-482B-855E-5890CE3D289B}"
EndProject
Project("{2150E333-8FDC-42A3-9474-1A3956D46DE8}") = "UI", "UI", "{4A596055-F55E-4645-84D8-270762376F2A}"
EndProject
Project("{2150E333-8FDC-42A3-9474-1A3956D46DE8}") = "Web", "Web", "{E2563E29-ECB8-41D1-97AE-8644D4A98A6B}"
EndProject
Project("{2150E333-8FDC-42A3-9474-1A3956D46DE8}") = "Bookstore", "Bookstore", "{CD7DDD57-0F3A-41CD-A4CD-ED1A0D609F36}"
EndProject
Project("{E53339B2-1760-4266-BCC7-CA923CBCF16C}") = "docker-compose", "docker-compose.dcproj", "{CFDAF244-3514-4009-BED8-8F3D990B91BE}"
EndProject
Project("{9A19103F-16F7-4668-BE54-9A1E7A4F7556}") = "Bookstore.Server", "UI\Web\Bookstore\Bookstore\Server\Bookstore.Server.csproj", "{08522B6E-ABD8-4225-82C1-E13A9E8DC9C3}"
EndProject
Project("{9A19103F-16F7-4668-BE54-9A1E7A4F7556}") = "Bookstore.Client", "UI\Web\Bookstore\Bookstore\Client\Bookstore.Client.csproj", "{280BA04C-7ECD-47BF-B195-AF44D6ADFBF8}"
EndProject
Project("{9A19103F-16F7-4668-BE54-9A1E7A4F7556}") = "Bookstore.Shared", "UI\Web\Bookstore\Bookstore\Shared\Bookstore.Shared.csproj", "{8A07770B-09C3-4737-86E4-816920361A8A}"
EndProject
Project("{9A19103F-16F7-4668-BE54-9A1E7A4F7556}") = "Bookstore.MongoDB", "Framework\Bookstore.MongoDB\Bookstore.MongoDB.csproj", "{9B4FD1D7-55C4-4B38-A03B-F7F5D3FD5360}"
EndProject
Global
	GlobalSection(SolutionConfigurationPlatforms) = preSolution
		Debug|Any CPU = Debug|Any CPU
		Release|Any CPU = Release|Any CPU
	EndGlobalSection
	GlobalSection(ProjectConfigurationPlatforms) = postSolution
		{5A79D0A7-6263-427A-BF0C-F7DCDC3A3FE6}.Debug|Any CPU.ActiveCfg = Debug|Any CPU
		{5A79D0A7-6263-427A-BF0C-F7DCDC3A3FE6}.Debug|Any CPU.Build.0 = Debug|Any CPU
		{5A79D0A7-6263-427A-BF0C-F7DCDC3A3FE6}.Release|Any CPU.ActiveCfg = Release|Any CPU
		{5A79D0A7-6263-427A-BF0C-F7DCDC3A3FE6}.Release|Any CPU.Build.0 = Release|Any CPU
		{B614D6DA-74FA-4EC7-A448-E8265A35975C}.Debug|Any CPU.ActiveCfg = Debug|Any CPU
		{B614D6DA-74FA-4EC7-A448-E8265A35975C}.Debug|Any CPU.Build.0 = Debug|Any CPU
		{B614D6DA-74FA-4EC7-A448-E8265A35975C}.Release|Any CPU.ActiveCfg = Release|Any CPU
		{B614D6DA-74FA-4EC7-A448-E8265A35975C}.Release|Any CPU.Build.0 = Release|Any CPU
		{B5938847-7460-4641-B853-2E2B14BBF44A}.Debug|Any CPU.ActiveCfg = Debug|Any CPU
		{B5938847-7460-4641-B853-2E2B14BBF44A}.Debug|Any CPU.Build.0 = Debug|Any CPU
		{B5938847-7460-4641-B853-2E2B14BBF44A}.Release|Any CPU.ActiveCfg = Release|Any CPU
		{B5938847-7460-4641-B853-2E2B14BBF44A}.Release|Any CPU.Build.0 = Release|Any CPU
		{3DAC74FB-C036-44F9-B8EE-28165FE5F6A7}.Debug|Any CPU.ActiveCfg = Debug|Any CPU
		{3DAC74FB-C036-44F9-B8EE-28165FE5F6A7}.Debug|Any CPU.Build.0 = Debug|Any CPU
		{3DAC74FB-C036-44F9-B8EE-28165FE5F6A7}.Release|Any CPU.ActiveCfg = Release|Any CPU
		{3DAC74FB-C036-44F9-B8EE-28165FE5F6A7}.Release|Any CPU.Build.0 = Release|Any CPU
		{8A0BDE6E-6A1E-411C-A3C2-FD8D4D5C980B}.Debug|Any CPU.ActiveCfg = Debug|Any CPU
		{8A0BDE6E-6A1E-411C-A3C2-FD8D4D5C980B}.Debug|Any CPU.Build.0 = Debug|Any CPU
		{8A0BDE6E-6A1E-411C-A3C2-FD8D4D5C980B}.Release|Any CPU.ActiveCfg = Release|Any CPU
		{8A0BDE6E-6A1E-411C-A3C2-FD8D4D5C980B}.Release|Any CPU.Build.0 = Release|Any CPU
		{B074F8D4-3562-4C5A-946A-C6AB0764BB04}.Debug|Any CPU.ActiveCfg = Debug|Any CPU
		{B074F8D4-3562-4C5A-946A-C6AB0764BB04}.Debug|Any CPU.Build.0 = Debug|Any CPU
		{B074F8D4-3562-4C5A-946A-C6AB0764BB04}.Release|Any CPU.ActiveCfg = Release|Any CPU
		{B074F8D4-3562-4C5A-946A-C6AB0764BB04}.Release|Any CPU.Build.0 = Release|Any CPU
		{ABCF0A66-1F6A-46E5-80B0-90B1F61025CF}.Debug|Any CPU.ActiveCfg = Debug|Any CPU
		{ABCF0A66-1F6A-46E5-80B0-90B1F61025CF}.Debug|Any CPU.Build.0 = Debug|Any CPU
		{ABCF0A66-1F6A-46E5-80B0-90B1F61025CF}.Release|Any CPU.ActiveCfg = Release|Any CPU
		{ABCF0A66-1F6A-46E5-80B0-90B1F61025CF}.Release|Any CPU.Build.0 = Release|Any CPU
		{7A33D6B7-7FDD-482B-855E-5890CE3D289B}.Debug|Any CPU.ActiveCfg = Debug|Any CPU
		{7A33D6B7-7FDD-482B-855E-5890CE3D289B}.Debug|Any CPU.Build.0 = Debug|Any CPU
		{7A33D6B7-7FDD-482B-855E-5890CE3D289B}.Release|Any CPU.ActiveCfg = Release|Any CPU
		{7A33D6B7-7FDD-482B-855E-5890CE3D289B}.Release|Any CPU.Build.0 = Release|Any CPU
		{CFDAF244-3514-4009-BED8-8F3D990B91BE}.Debug|Any CPU.ActiveCfg = Debug|Any CPU
		{CFDAF244-3514-4009-BED8-8F3D990B91BE}.Debug|Any CPU.Build.0 = Debug|Any CPU
		{CFDAF244-3514-4009-BED8-8F3D990B91BE}.Release|Any CPU.ActiveCfg = Release|Any CPU
		{CFDAF244-3514-4009-BED8-8F3D990B91BE}.Release|Any CPU.Build.0 = Release|Any CPU
		{08522B6E-ABD8-4225-82C1-E13A9E8DC9C3}.Debug|Any CPU.ActiveCfg = Debug|Any CPU
		{08522B6E-ABD8-4225-82C1-E13A9E8DC9C3}.Debug|Any CPU.Build.0 = Debug|Any CPU
		{08522B6E-ABD8-4225-82C1-E13A9E8DC9C3}.Release|Any CPU.ActiveCfg = Release|Any CPU
		{08522B6E-ABD8-4225-82C1-E13A9E8DC9C3}.Release|Any CPU.Build.0 = Release|Any CPU
		{280BA04C-7ECD-47BF-B195-AF44D6ADFBF8}.Debug|Any CPU.ActiveCfg = Debug|Any CPU
		{280BA04C-7ECD-47BF-B195-AF44D6ADFBF8}.Debug|Any CPU.Build.0 = Debug|Any CPU
		{280BA04C-7ECD-47BF-B195-AF44D6ADFBF8}.Release|Any CPU.ActiveCfg = Release|Any CPU
		{280BA04C-7ECD-47BF-B195-AF44D6ADFBF8}.Release|Any CPU.Build.0 = Release|Any CPU
		{8A07770B-09C3-4737-86E4-816920361A8A}.Debug|Any CPU.ActiveCfg = Debug|Any CPU
		{8A07770B-09C3-4737-86E4-816920361A8A}.Debug|Any CPU.Build.0 = Debug|Any CPU
		{8A07770B-09C3-4737-86E4-816920361A8A}.Release|Any CPU.ActiveCfg = Release|Any CPU
		{8A07770B-09C3-4737-86E4-816920361A8A}.Release|Any CPU.Build.0 = Release|Any CPU
		{9B4FD1D7-55C4-4B38-A03B-F7F5D3FD5360}.Debug|Any CPU.ActiveCfg = Debug|Any CPU
		{9B4FD1D7-55C4-4B38-A03B-F7F5D3FD5360}.Debug|Any CPU.Build.0 = Debug|Any CPU
		{9B4FD1D7-55C4-4B38-A03B-F7F5D3FD5360}.Release|Any CPU.ActiveCfg = Release|Any CPU
		{9B4FD1D7-55C4-4B38-A03B-F7F5D3FD5360}.Release|Any CPU.Build.0 = Release|Any CPU
	EndGlobalSection
	GlobalSection(SolutionProperties) = preSolution
		HideSolutionNode = FALSE
	EndGlobalSection
	GlobalSection(NestedProjects) = preSolution
		{5A79D0A7-6263-427A-BF0C-F7DCDC3A3FE6} = {A9E0EEA3-A2CF-4733-8C71-679437CBAF6F}
		{B614D6DA-74FA-4EC7-A448-E8265A35975C} = {7C0BFB3B-8DA7-4C40-AE5F-2DA77BD52D34}
		{B5938847-7460-4641-B853-2E2B14BBF44A} = {712FAA29-9438-4727-AC9F-08F27D046712}
		{3DAC74FB-C036-44F9-B8EE-28165FE5F6A7} = {A3B551EF-B4C2-4C30-B9D7-72CA79F05854}
		{8A0BDE6E-6A1E-411C-A3C2-FD8D4D5C980B} = {AA6669EC-942F-4776-AA57-EAFA6F08FD5A}
		{B074F8D4-3562-4C5A-946A-C6AB0764BB04} = {AA6669EC-942F-4776-AA57-EAFA6F08FD5A}
		{ABCF0A66-1F6A-46E5-80B0-90B1F61025CF} = {AA6669EC-942F-4776-AA57-EAFA6F08FD5A}
		{7A33D6B7-7FDD-482B-855E-5890CE3D289B} = {AA6669EC-942F-4776-AA57-EAFA6F08FD5A}
		{E2563E29-ECB8-41D1-97AE-8644D4A98A6B} = {4A596055-F55E-4645-84D8-270762376F2A}
		{CD7DDD57-0F3A-41CD-A4CD-ED1A0D609F36} = {E2563E29-ECB8-41D1-97AE-8644D4A98A6B}
		{08522B6E-ABD8-4225-82C1-E13A9E8DC9C3} = {CD7DDD57-0F3A-41CD-A4CD-ED1A0D609F36}
		{280BA04C-7ECD-47BF-B195-AF44D6ADFBF8} = {CD7DDD57-0F3A-41CD-A4CD-ED1A0D609F36}
		{8A07770B-09C3-4737-86E4-816920361A8A} = {CD7DDD57-0F3A-41CD-A4CD-ED1A0D609F36}
		{9B4FD1D7-55C4-4B38-A03B-F7F5D3FD5360} = {AA6669EC-942F-4776-AA57-EAFA6F08FD5A}
	EndGlobalSection
	GlobalSection(ExtensibilityGlobals) = postSolution
		SolutionGuid = {A0F6676F-510B-49DF-9240-6A5AC123A900}
	EndGlobalSection
EndGlobal
